[root]
name = "rust_hyper"
version = "0.0.1"
dependencies = [
 "fern 0.1.12 (registry+https://github.com/rust-lang/crates.io-index)",
 "fern_macros 0.1.6 (registry+https://github.com/rust-lang/crates.io-index)",
]

[[package]]
name = "fern"
version = "0.1.12"
source = "registry+https://github.com/rust-lang/crates.io-index"

[[package]]
name = "fern_macros"
version = "0.1.6"
source = "registry+https://github.com/rust-lang/crates.io-index"
dependencies = [
 "fern 0.1.12 (registry+https://github.com/rust-lang/crates.io-index)",
]

